
Microsoft Visual Studio Solution File, Format Version 12.00
# Visual Studio Version 16
VisualStudioVersion = 16.0.29519.181
MinimumVisualStudioVersion = 10.0.40219.1
Project("{9A19103F-16F7-4668-BE54-9A1E7A4F7556}") = "IotHome.RaspberryPi.Console", "IotHome.RaspberryPi.Console\IotHome.RaspberryPi.Console.csproj", "{F65AB785-246F-4D5F-80C7-52E5458D8469}"
EndProject
Project("{9A19103F-16F7-4668-BE54-9A1E7A4F7556}") = "IotHome.RaspberryPi.Implementation", "IotHome.RaspberryPi.Implementation\IotHome.RaspberryPi.Implementation.csproj", "{D2517E7F-8D57-4438-A571-412A68BC93CA}"
EndProject
Project("{9A19103F-16F7-4668-BE54-9A1E7A4F7556}") = "IotHome.RaspberryPi.Interface", "IotHome.RaspberryPi.Interface\IotHome.RaspberryPi.Interface.csproj", "{BB4002FB-EEE9-44CA-B140-BB224E29893A}"
EndProject
Project("{9A19103F-16F7-4668-BE54-9A1E7A4F7556}") = "IotHome.RaspberryPi.Model", "IotHome.RaspberryPi.Model\IotHome.RaspberryPi.Model.csproj", "{17526B50-0504-446C-ABBC-2058A3EBF4CE}"
EndProject
Project("{2150E333-8FDC-42A3-9474-1A3956D46DE8}") = "test", "test", "{2A19B95E-69F0-4B0B-A3E1-00DDFFE16F43}"
EndProject
Project("{9A19103F-16F7-4668-BE54-9A1E7A4F7556}") = "IotHome.RaspberryPi.Implementation.Test", "test\IotHome.RaspberryPi.Implementation.Test\IotHome.RaspberryPi.Implementation.Test.csproj", "{11FBA14F-C236-4A7B-A290-57FFDE3A8235}"
EndProject
Global
	GlobalSection(SolutionConfigurationPlatforms) = preSolution
		Debug|Any CPU = Debug|Any CPU
		Release|Any CPU = Release|Any CPU
	EndGlobalSection
	GlobalSection(ProjectConfigurationPlatforms) = postSolution
		{F65AB785-246F-4D5F-80C7-52E5458D8469}.Debug|Any CPU.ActiveCfg = Debug|Any CPU
		{F65AB785-246F-4D5F-80C7-52E5458D8469}.Debug|Any CPU.Build.0 = Debug|Any CPU
		{F65AB785-246F-4D5F-80C7-52E5458D8469}.Release|Any CPU.ActiveCfg = Release|Any CPU
		{F65AB785-246F-4D5F-80C7-52E5458D8469}.Release|Any CPU.Build.0 = Release|Any CPU
		{D2517E7F-8D57-4438-A571-412A68BC93CA}.Debug|Any CPU.ActiveCfg = Debug|Any CPU
		{D2517E7F-8D57-4438-A571-412A68BC93CA}.Debug|Any CPU.Build.0 = Debug|Any CPU
		{D2517E7F-8D57-4438-A571-412A68BC93CA}.Release|Any CPU.ActiveCfg = Release|Any CPU
		{D2517E7F-8D57-4438-A571-412A68BC93CA}.Release|Any CPU.Build.0 = Release|Any CPU
		{BB4002FB-EEE9-44CA-B140-BB224E29893A}.Debug|Any CPU.ActiveCfg = Debug|Any CPU
		{BB4002FB-EEE9-44CA-B140-BB224E29893A}.Debug|Any CPU.Build.0 = Debug|Any CPU
		{BB4002FB-EEE9-44CA-B140-BB224E29893A}.Release|Any CPU.ActiveCfg = Release|Any CPU
		{BB4002FB-EEE9-44CA-B140-BB224E29893A}.Release|Any CPU.Build.0 = Release|Any CPU
		{17526B50-0504-446C-ABBC-2058A3EBF4CE}.Debug|Any CPU.ActiveCfg = Debug|Any CPU
		{17526B50-0504-446C-ABBC-2058A3EBF4CE}.Debug|Any CPU.Build.0 = Debug|Any CPU
		{17526B50-0504-446C-ABBC-2058A3EBF4CE}.Release|Any CPU.ActiveCfg = Release|Any CPU
		{17526B50-0504-446C-ABBC-2058A3EBF4CE}.Release|Any CPU.Build.0 = Release|Any CPU
		{11FBA14F-C236-4A7B-A290-57FFDE3A8235}.Debug|Any CPU.ActiveCfg = Debug|Any CPU
		{11FBA14F-C236-4A7B-A290-57FFDE3A8235}.Debug|Any CPU.Build.0 = Debug|Any CPU
		{11FBA14F-C236-4A7B-A290-57FFDE3A8235}.Release|Any CPU.ActiveCfg = Release|Any CPU
		{11FBA14F-C236-4A7B-A290-57FFDE3A8235}.Release|Any CPU.Build.0 = Release|Any CPU
	EndGlobalSection
	GlobalSection(SolutionProperties) = preSolution
		HideSolutionNode = FALSE
	EndGlobalSection
	GlobalSection(NestedProjects) = preSolution
		{11FBA14F-C236-4A7B-A290-57FFDE3A8235} = {2A19B95E-69F0-4B0B-A3E1-00DDFFE16F43}
	EndGlobalSection
	GlobalSection(ExtensibilityGlobals) = postSolution
		SolutionGuid = {F0F43F0B-7448-4762-B041-A1282349FEAD}
	EndGlobalSection
EndGlobal
